// !$*UTF8*$!
{
	archiveVersion = 1;
	classes = {
	};
	objectVersion = 51;
	objects = {

/* Begin PBXBuildFile section */
		0BB3E4264A21AE19E3670C53 /* Pods_PizzaOrdererTests.framework in Frameworks */ = {isa = PBXBuildFile; fileRef = 99524EA01B42296053B03490 /* Pods_PizzaOrdererTests.framework */; };
		5E6F98B86FBB5D0ED0B58652 /* Pods_PizzaOrderer.framework in Frameworks */ = {isa = PBXBuildFile; fileRef = 9E5561741DF280438951E477 /* Pods_PizzaOrderer.framework */; };
		DD05FC50243C638000AC6351 /* ItemTableViewCell.swift in Sources */ = {isa = PBXBuildFile; fileRef = DD05FC4E243C638000AC6351 /* ItemTableViewCell.swift */; };
		DD05FC51243C638000AC6351 /* ItemTableViewCell.xib in Resources */ = {isa = PBXBuildFile; fileRef = DD05FC4F243C638000AC6351 /* ItemTableViewCell.xib */; };
		DD156B6A244E115D004FB6E3 /* Order+CoreDataClass.swift in Sources */ = {isa = PBXBuildFile; fileRef = DDA9E0D5243D8DD800CCF28B /* Order+CoreDataClass.swift */; };
		DD22A945244DEF910089F201 /* DataFetcherRepository.swift in Sources */ = {isa = PBXBuildFile; fileRef = DD22A942244DEF910089F201 /* DataFetcherRepository.swift */; };
		DD22A946244DEF910089F201 /* OrderRepository.swift in Sources */ = {isa = PBXBuildFile; fileRef = DD22A944244DEF910089F201 /* OrderRepository.swift */; };
		DD22A96C244DF1580089F201 /* PizzaOrdererTests.swift in Sources */ = {isa = PBXBuildFile; fileRef = DD22A96A244DF1580089F201 /* PizzaOrdererTests.swift */; };
		DD22A979244DF7440089F201 /* AppMainDelegate.swift in Sources */ = {isa = PBXBuildFile; fileRef = DD22A974244DF7440089F201 /* AppMainDelegate.swift */; };
		DD22A97A244DF7440089F201 /* AppMainDelegate.swift in Sources */ = {isa = PBXBuildFile; fileRef = DD22A974244DF7440089F201 /* AppMainDelegate.swift */; };
		DD22A97B244DF7440089F201 /* AppMainViewModel.swift in Sources */ = {isa = PBXBuildFile; fileRef = DD22A975244DF7440089F201 /* AppMainViewModel.swift */; };
		DD22A97C244DF7440089F201 /* AppMainViewModel.swift in Sources */ = {isa = PBXBuildFile; fileRef = DD22A975244DF7440089F201 /* AppMainViewModel.swift */; };
		DD22A97D244DF7440089F201 /* AppMainTableViewController.swift in Sources */ = {isa = PBXBuildFile; fileRef = DD22A976244DF7440089F201 /* AppMainTableViewController.swift */; };
		DD22A97E244DF7440089F201 /* AppMainTableViewController.swift in Sources */ = {isa = PBXBuildFile; fileRef = DD22A976244DF7440089F201 /* AppMainTableViewController.swift */; };
		DD22A97F244DF7440089F201 /* AppMainViewController.swift in Sources */ = {isa = PBXBuildFile; fileRef = DD22A977244DF7440089F201 /* AppMainViewController.swift */; };
		DD22A980244DF7440089F201 /* AppMainViewController.swift in Sources */ = {isa = PBXBuildFile; fileRef = DD22A977244DF7440089F201 /* AppMainViewController.swift */; };
		DD22A981244DF7440089F201 /* AppMainNavigationController.swift in Sources */ = {isa = PBXBuildFile; fileRef = DD22A978244DF7440089F201 /* AppMainNavigationController.swift */; };
		DD22A982244DF7440089F201 /* AppMainNavigationController.swift in Sources */ = {isa = PBXBuildFile; fileRef = DD22A978244DF7440089F201 /* AppMainNavigationController.swift */; };
		DD22A989244DF7D50089F201 /* PizzaTableViewCell.swift in Sources */ = {isa = PBXBuildFile; fileRef = DD22A985244DF7D40089F201 /* PizzaTableViewCell.swift */; };
		DD22A98A244DF7D50089F201 /* PizzaTableViewCell.swift in Sources */ = {isa = PBXBuildFile; fileRef = DD22A985244DF7D40089F201 /* PizzaTableViewCell.swift */; };
		DD22A98B244DF7D50089F201 /* PizzaTableViewCell.xib in Resources */ = {isa = PBXBuildFile; fileRef = DD22A986244DF7D40089F201 /* PizzaTableViewCell.xib */; };
		DD22A98C244DF7D50089F201 /* PizzaTableViewCell.xib in Resources */ = {isa = PBXBuildFile; fileRef = DD22A986244DF7D40089F201 /* PizzaTableViewCell.xib */; };
		DD22A98E244DF7D50089F201 /* HomeViewModel.swift in Sources */ = {isa = PBXBuildFile; fileRef = DD22A987244DF7D40089F201 /* HomeViewModel.swift */; };
		DD22A98F244DF7D50089F201 /* HomeTableViewController.swift in Sources */ = {isa = PBXBuildFile; fileRef = DD22A988244DF7D40089F201 /* HomeTableViewController.swift */; };
		DD22A990244DF7D50089F201 /* HomeTableViewController.swift in Sources */ = {isa = PBXBuildFile; fileRef = DD22A988244DF7D40089F201 /* HomeTableViewController.swift */; };
		DD22A99A244E06F80089F201 /* DrinksViewModel.swift in Sources */ = {isa = PBXBuildFile; fileRef = DD22A992244E06F80089F201 /* DrinksViewModel.swift */; };
		DD22A99B244E06F80089F201 /* DrinksViewModel.swift in Sources */ = {isa = PBXBuildFile; fileRef = DD22A992244E06F80089F201 /* DrinksViewModel.swift */; };
		DD22A99C244E06F80089F201 /* DrinksTableViewController.swift in Sources */ = {isa = PBXBuildFile; fileRef = DD22A993244E06F80089F201 /* DrinksTableViewController.swift */; };
		DD22A99D244E06F80089F201 /* DrinksTableViewController.swift in Sources */ = {isa = PBXBuildFile; fileRef = DD22A993244E06F80089F201 /* DrinksTableViewController.swift */; };
		DD22A99E244E06F80089F201 /* CreatePizzaViewModel.swift in Sources */ = {isa = PBXBuildFile; fileRef = DD22A995244E06F80089F201 /* CreatePizzaViewModel.swift */; };
		DD22A99F244E06F80089F201 /* CreatePizzaViewModel.swift in Sources */ = {isa = PBXBuildFile; fileRef = DD22A995244E06F80089F201 /* CreatePizzaViewModel.swift */; };
		DD22A9A0244E06F80089F201 /* CreatePizzaViewController.swift in Sources */ = {isa = PBXBuildFile; fileRef = DD22A996244E06F80089F201 /* CreatePizzaViewController.swift */; };
		DD22A9A1244E06F80089F201 /* CreatePizzaViewController.swift in Sources */ = {isa = PBXBuildFile; fileRef = DD22A996244E06F80089F201 /* CreatePizzaViewController.swift */; };
		DD22A9A2244E06F80089F201 /* CheckoutViewController.swift in Sources */ = {isa = PBXBuildFile; fileRef = DD22A998244E06F80089F201 /* CheckoutViewController.swift */; };
		DD22A9A3244E06F80089F201 /* CheckoutViewController.swift in Sources */ = {isa = PBXBuildFile; fileRef = DD22A998244E06F80089F201 /* CheckoutViewController.swift */; };
		DD22A9A4244E06F80089F201 /* CheckoutViewModel.swift in Sources */ = {isa = PBXBuildFile; fileRef = DD22A999244E06F80089F201 /* CheckoutViewModel.swift */; };
		DD22A9A5244E06F80089F201 /* CheckoutViewModel.swift in Sources */ = {isa = PBXBuildFile; fileRef = DD22A999244E06F80089F201 /* CheckoutViewModel.swift */; };
		DD22A9A7244E0C6E0089F201 /* OrderRepository.swift in Sources */ = {isa = PBXBuildFile; fileRef = DD22A944244DEF910089F201 /* OrderRepository.swift */; };
		DD22A9A8244E0C760089F201 /* DataFetcherRepository.swift in Sources */ = {isa = PBXBuildFile; fileRef = DD22A942244DEF910089F201 /* DataFetcherRepository.swift */; };
		DD22A9A9244E0CA50089F201 /* HomeViewModel.swift in Sources */ = {isa = PBXBuildFile; fileRef = DD22A987244DF7D40089F201 /* HomeViewModel.swift */; };
		DD22A9AA244E0E9D0089F201 /* PizzaDataModel.swift in Sources */ = {isa = PBXBuildFile; fileRef = DD5DE3C7243D9B52005CA40C /* PizzaDataModel.swift */; };
		DD22A9AB244E0EA30089F201 /* DrinksDTO.swift in Sources */ = {isa = PBXBuildFile; fileRef = DDA9E0C4243D86A000CCF28B /* DrinksDTO.swift */; };
		DD22A9AC244E0EA90089F201 /* IngredientsDTO.swift in Sources */ = {isa = PBXBuildFile; fileRef = DDA9E0C2243D858500CCF28B /* IngredientsDTO.swift */; };
		DD22A9AD244E0EB00089F201 /* PizzasDTO.swift in Sources */ = {isa = PBXBuildFile; fileRef = DDA9E0C6243D86C900CCF28B /* PizzasDTO.swift */; };
		DD22A9AE244E0EB50089F201 /* OrderObjectDTO.swift in Sources */ = {isa = PBXBuildFile; fileRef = DDA9E0C8243D879800CCF28B /* OrderObjectDTO.swift */; };
		DD22A9AF244E0EBE0089F201 /* OrderDataModel.swift in Sources */ = {isa = PBXBuildFile; fileRef = DD5DE3C9243D9BC1005CA40C /* OrderDataModel.swift */; };
		DD22A9B0244E0EC50089F201 /* DrinkDataModel.swift in Sources */ = {isa = PBXBuildFile; fileRef = DD5DE3CB243DBA19005CA40C /* DrinkDataModel.swift */; };
		DD22A9B1244E0EC80089F201 /* OrderableDataModel.swift in Sources */ = {isa = PBXBuildFile; fileRef = DD5DE3D5243F1D67005CA40C /* OrderableDataModel.swift */; };
		DD22A9B2244E0EDD0089F201 /* Endpoints.swift in Sources */ = {isa = PBXBuildFile; fileRef = DD5DE3C4243D95DB005CA40C /* Endpoints.swift */; };
		DD22A9B3244E0EE20089F201 /* UIViewControllerExtension.swift in Sources */ = {isa = PBXBuildFile; fileRef = DD5DE3D9243F8F93005CA40C /* UIViewControllerExtension.swift */; };
		DD22A9B5244E0EF90089F201 /* Order+CoreDataProperties.swift in Sources */ = {isa = PBXBuildFile; fileRef = DDA9E0D6243D8DD800CCF28B /* Order+CoreDataProperties.swift */; };
		DD22A9BA244E0F1A0089F201 /* ManagedObjectExtension.swift in Sources */ = {isa = PBXBuildFile; fileRef = DDA9E0BC243D84FD00CCF28B /* ManagedObjectExtension.swift */; };
		DD22A9BB244E0F1D0089F201 /* PersistentContainerExtensions.swift in Sources */ = {isa = PBXBuildFile; fileRef = DDA9E0BE243D84FD00CCF28B /* PersistentContainerExtensions.swift */; };
		DD22A9BC244E0F210089F201 /* ContextExtension.swift in Sources */ = {isa = PBXBuildFile; fileRef = DDA9E0BD243D84FD00CCF28B /* ContextExtension.swift */; };
		DD22A9BD244E0F2E0089F201 /* ItemTableViewCell.swift in Sources */ = {isa = PBXBuildFile; fileRef = DD05FC4E243C638000AC6351 /* ItemTableViewCell.swift */; };
		DD22A9BE244E0F380089F201 /* EncodableExtension.swift in Sources */ = {isa = PBXBuildFile; fileRef = DD5DE3CE243DC427005CA40C /* EncodableExtension.swift */; };
		DD22A9BF244E0F4B0089F201 /* AlertView.swift in Sources */ = {isa = PBXBuildFile; fileRef = DD5DE3D7243F7DFF005CA40C /* AlertView.swift */; };
		DD22A9C0244E0F7B0089F201 /* PizzaOrderer.xcdatamodeld in Sources */ = {isa = PBXBuildFile; fileRef = DD87AA88243C4B6E00E7FE23 /* PizzaOrderer.xcdatamodeld */; };
		DD5DE3C5243D95DB005CA40C /* Endpoints.swift in Sources */ = {isa = PBXBuildFile; fileRef = DD5DE3C4243D95DB005CA40C /* Endpoints.swift */; };
		DD5DE3C8243D9B52005CA40C /* PizzaDataModel.swift in Sources */ = {isa = PBXBuildFile; fileRef = DD5DE3C7243D9B52005CA40C /* PizzaDataModel.swift */; };
		DD5DE3CA243D9BC1005CA40C /* OrderDataModel.swift in Sources */ = {isa = PBXBuildFile; fileRef = DD5DE3C9243D9BC1005CA40C /* OrderDataModel.swift */; };
		DD5DE3CC243DBA19005CA40C /* DrinkDataModel.swift in Sources */ = {isa = PBXBuildFile; fileRef = DD5DE3CB243DBA19005CA40C /* DrinkDataModel.swift */; };
		DD5DE3CF243DC427005CA40C /* EncodableExtension.swift in Sources */ = {isa = PBXBuildFile; fileRef = DD5DE3CE243DC427005CA40C /* EncodableExtension.swift */; };
		DD5DE3D6243F1D67005CA40C /* OrderableDataModel.swift in Sources */ = {isa = PBXBuildFile; fileRef = DD5DE3D5243F1D67005CA40C /* OrderableDataModel.swift */; };
		DD5DE3D8243F7E00005CA40C /* AlertView.swift in Sources */ = {isa = PBXBuildFile; fileRef = DD5DE3D7243F7DFF005CA40C /* AlertView.swift */; };
		DD5DE3DA243F8F93005CA40C /* UIViewControllerExtension.swift in Sources */ = {isa = PBXBuildFile; fileRef = DD5DE3D9243F8F93005CA40C /* UIViewControllerExtension.swift */; };
		DD87AA85243C4B6E00E7FE23 /* AppDelegate.swift in Sources */ = {isa = PBXBuildFile; fileRef = DD87AA84243C4B6E00E7FE23 /* AppDelegate.swift */; };
		DD87AA8E243C4B7000E7FE23 /* Assets.xcassets in Resources */ = {isa = PBXBuildFile; fileRef = DD87AA8D243C4B7000E7FE23 /* Assets.xcassets */; };
		DD87AA94243C4B7000E7FE23 /* LaunchScreen.storyboard in Resources */ = {isa = PBXBuildFile; fileRef = DD87AA92243C4B7000E7FE23 /* LaunchScreen.storyboard */; };
		DD87AAAF243C4CB300E7FE23 /* Main.storyboard in Resources */ = {isa = PBXBuildFile; fileRef = DD87AAAE243C4CB300E7FE23 /* Main.storyboard */; };
		DD87AAB1243C4D2500E7FE23 /* Media.xcassets in Resources */ = {isa = PBXBuildFile; fileRef = DD87AAB0243C4D2500E7FE23 /* Media.xcassets */; };
		DDA9E0BF243D84FD00CCF28B /* ManagedObjectExtension.swift in Sources */ = {isa = PBXBuildFile; fileRef = DDA9E0BC243D84FD00CCF28B /* ManagedObjectExtension.swift */; };
		DDA9E0C0243D84FD00CCF28B /* ContextExtension.swift in Sources */ = {isa = PBXBuildFile; fileRef = DDA9E0BD243D84FD00CCF28B /* ContextExtension.swift */; };
		DDA9E0C1243D84FD00CCF28B /* PersistentContainerExtensions.swift in Sources */ = {isa = PBXBuildFile; fileRef = DDA9E0BE243D84FD00CCF28B /* PersistentContainerExtensions.swift */; };
		DDA9E0C3243D858500CCF28B /* IngredientsDTO.swift in Sources */ = {isa = PBXBuildFile; fileRef = DDA9E0C2243D858500CCF28B /* IngredientsDTO.swift */; };
		DDA9E0C5243D86A000CCF28B /* DrinksDTO.swift in Sources */ = {isa = PBXBuildFile; fileRef = DDA9E0C4243D86A000CCF28B /* DrinksDTO.swift */; };
		DDA9E0C7243D86C900CCF28B /* PizzasDTO.swift in Sources */ = {isa = PBXBuildFile; fileRef = DDA9E0C6243D86C900CCF28B /* PizzasDTO.swift */; };
		DDA9E0C9243D879800CCF28B /* OrderObjectDTO.swift in Sources */ = {isa = PBXBuildFile; fileRef = DDA9E0C8243D879800CCF28B /* OrderObjectDTO.swift */; };
		DDA9E0CE243D8C8F00CCF28B /* ingredients.json in Resources */ = {isa = PBXBuildFile; fileRef = DDA9E0CB243D8C8F00CCF28B /* ingredients.json */; };
		DDA9E0CF243D8C8F00CCF28B /* pizzas.json in Resources */ = {isa = PBXBuildFile; fileRef = DDA9E0CC243D8C8F00CCF28B /* pizzas.json */; };
		DDA9E0D0243D8C8F00CCF28B /* drinks.json in Resources */ = {isa = PBXBuildFile; fileRef = DDA9E0CD243D8C8F00CCF28B /* drinks.json */; };
		DDA9E0D7243D8DD800CCF28B /* Order+CoreDataClass.swift in Sources */ = {isa = PBXBuildFile; fileRef = DDA9E0D5243D8DD800CCF28B /* Order+CoreDataClass.swift */; };
		DDA9E0D8243D8DD800CCF28B /* Order+CoreDataProperties.swift in Sources */ = {isa = PBXBuildFile; fileRef = DDA9E0D6243D8DD800CCF28B /* Order+CoreDataProperties.swift */; };
		DDCD4764243D952500C02971 /* PizzaOrderer.xcdatamodeld in Resources */ = {isa = PBXBuildFile; fileRef = DD87AA88243C4B6E00E7FE23 /* PizzaOrderer.xcdatamodeld */; };
		E427BF3C254FE55600151B64 /* Drink+CoreDataClass.swift in Sources */ = {isa = PBXBuildFile; fileRef = E427BF38254FE55600151B64 /* Drink+CoreDataClass.swift */; };
		E427BF3D254FE55600151B64 /* Drink+CoreDataProperties.swift in Sources */ = {isa = PBXBuildFile; fileRef = E427BF39254FE55600151B64 /* Drink+CoreDataProperties.swift */; };
		E427BF3E254FE55600151B64 /* Pizza+CoreDataProperties.swift in Sources */ = {isa = PBXBuildFile; fileRef = E427BF3A254FE55600151B64 /* Pizza+CoreDataProperties.swift */; };
		E427BF3F254FE55600151B64 /* Pizza+CoreDataClass.swift in Sources */ = {isa = PBXBuildFile; fileRef = E427BF3B254FE55600151B64 /* Pizza+CoreDataClass.swift */; };
/* End PBXBuildFile section */

/* Begin PBXContainerItemProxy section */
		DD22A965244DF1430089F201 /* PBXContainerItemProxy */ = {
			isa = PBXContainerItemProxy;
			containerPortal = DD87AA79243C4B6E00E7FE23 /* Project object */;
			proxyType = 1;
			remoteGlobalIDString = DD87AA80243C4B6E00E7FE23;
			remoteInfo = PizzaOrderer;
		};
/* End PBXContainerItemProxy section */

/* Begin PBXFileReference section */
		0BB5D2CFFCFA51BA5D340856 /* Pods-PizzaOrdererTests.debug.xcconfig */ = {isa = PBXFileReference; includeInIndex = 1; lastKnownFileType = text.xcconfig; name = "Pods-PizzaOrdererTests.debug.xcconfig"; path = "Target Support Files/Pods-PizzaOrdererTests/Pods-PizzaOrdererTests.debug.xcconfig"; sourceTree = "<group>"; };
		685EE458335B46F10D4C2791 /* Pods-PizzaOrdererTests.release.xcconfig */ = {isa = PBXFileReference; includeInIndex = 1; lastKnownFileType = text.xcconfig; name = "Pods-PizzaOrdererTests.release.xcconfig"; path = "Target Support Files/Pods-PizzaOrdererTests/Pods-PizzaOrdererTests.release.xcconfig"; sourceTree = "<group>"; };
		6FD4389103C82469A87CB745 /* Pods-PizzaOrderer.debug.xcconfig */ = {isa = PBXFileReference; includeInIndex = 1; lastKnownFileType = text.xcconfig; name = "Pods-PizzaOrderer.debug.xcconfig"; path = "Target Support Files/Pods-PizzaOrderer/Pods-PizzaOrderer.debug.xcconfig"; sourceTree = "<group>"; };
		99524EA01B42296053B03490 /* Pods_PizzaOrdererTests.framework */ = {isa = PBXFileReference; explicitFileType = wrapper.framework; includeInIndex = 0; path = Pods_PizzaOrdererTests.framework; sourceTree = BUILT_PRODUCTS_DIR; };
		9E5561741DF280438951E477 /* Pods_PizzaOrderer.framework */ = {isa = PBXFileReference; explicitFileType = wrapper.framework; includeInIndex = 0; path = Pods_PizzaOrderer.framework; sourceTree = BUILT_PRODUCTS_DIR; };
		DD05FC4E243C638000AC6351 /* ItemTableViewCell.swift */ = {isa = PBXFileReference; lastKnownFileType = sourcecode.swift; path = ItemTableViewCell.swift; sourceTree = "<group>"; };
		DD05FC4F243C638000AC6351 /* ItemTableViewCell.xib */ = {isa = PBXFileReference; lastKnownFileType = file.xib; path = ItemTableViewCell.xib; sourceTree = "<group>"; };
		DD22A942244DEF910089F201 /* DataFetcherRepository.swift */ = {isa = PBXFileReference; fileEncoding = 4; lastKnownFileType = sourcecode.swift; path = DataFetcherRepository.swift; sourceTree = "<group>"; };
		DD22A944244DEF910089F201 /* OrderRepository.swift */ = {isa = PBXFileReference; fileEncoding = 4; lastKnownFileType = sourcecode.swift; path = OrderRepository.swift; sourceTree = "<group>"; };
		DD22A960244DF1430089F201 /* PizzaOrdererTests.xctest */ = {isa = PBXFileReference; explicitFileType = wrapper.cfbundle; includeInIndex = 0; path = PizzaOrdererTests.xctest; sourceTree = BUILT_PRODUCTS_DIR; };
		DD22A96A244DF1580089F201 /* PizzaOrdererTests.swift */ = {isa = PBXFileReference; fileEncoding = 4; lastKnownFileType = sourcecode.swift; path = PizzaOrdererTests.swift; sourceTree = "<group>"; };
		DD22A96D244DF18A0089F201 /* Info.plist */ = {isa = PBXFileReference; fileEncoding = 4; lastKnownFileType = text.plist.xml; path = Info.plist; sourceTree = "<group>"; };
		DD22A974244DF7440089F201 /* AppMainDelegate.swift */ = {isa = PBXFileReference; fileEncoding = 4; lastKnownFileType = sourcecode.swift; path = AppMainDelegate.swift; sourceTree = "<group>"; };
		DD22A975244DF7440089F201 /* AppMainViewModel.swift */ = {isa = PBXFileReference; fileEncoding = 4; lastKnownFileType = sourcecode.swift; path = AppMainViewModel.swift; sourceTree = "<group>"; };
		DD22A976244DF7440089F201 /* AppMainTableViewController.swift */ = {isa = PBXFileReference; fileEncoding = 4; lastKnownFileType = sourcecode.swift; path = AppMainTableViewController.swift; sourceTree = "<group>"; };
		DD22A977244DF7440089F201 /* AppMainViewController.swift */ = {isa = PBXFileReference; fileEncoding = 4; lastKnownFileType = sourcecode.swift; path = AppMainViewController.swift; sourceTree = "<group>"; };
		DD22A978244DF7440089F201 /* AppMainNavigationController.swift */ = {isa = PBXFileReference; fileEncoding = 4; lastKnownFileType = sourcecode.swift; path = AppMainNavigationController.swift; sourceTree = "<group>"; };
		DD22A985244DF7D40089F201 /* PizzaTableViewCell.swift */ = {isa = PBXFileReference; fileEncoding = 4; lastKnownFileType = sourcecode.swift; path = PizzaTableViewCell.swift; sourceTree = "<group>"; };
		DD22A986244DF7D40089F201 /* PizzaTableViewCell.xib */ = {isa = PBXFileReference; fileEncoding = 4; lastKnownFileType = file.xib; path = PizzaTableViewCell.xib; sourceTree = "<group>"; };
		DD22A987244DF7D40089F201 /* HomeViewModel.swift */ = {isa = PBXFileReference; fileEncoding = 4; lastKnownFileType = sourcecode.swift; path = HomeViewModel.swift; sourceTree = "<group>"; };
		DD22A988244DF7D40089F201 /* HomeTableViewController.swift */ = {isa = PBXFileReference; fileEncoding = 4; lastKnownFileType = sourcecode.swift; path = HomeTableViewController.swift; sourceTree = "<group>"; };
		DD22A992244E06F80089F201 /* DrinksViewModel.swift */ = {isa = PBXFileReference; fileEncoding = 4; lastKnownFileType = sourcecode.swift; path = DrinksViewModel.swift; sourceTree = "<group>"; };
		DD22A993244E06F80089F201 /* DrinksTableViewController.swift */ = {isa = PBXFileReference; fileEncoding = 4; lastKnownFileType = sourcecode.swift; path = DrinksTableViewController.swift; sourceTree = "<group>"; };
		DD22A995244E06F80089F201 /* CreatePizzaViewModel.swift */ = {isa = PBXFileReference; fileEncoding = 4; lastKnownFileType = sourcecode.swift; path = CreatePizzaViewModel.swift; sourceTree = "<group>"; };
		DD22A996244E06F80089F201 /* CreatePizzaViewController.swift */ = {isa = PBXFileReference; fileEncoding = 4; lastKnownFileType = sourcecode.swift; path = CreatePizzaViewController.swift; sourceTree = "<group>"; };
		DD22A998244E06F80089F201 /* CheckoutViewController.swift */ = {isa = PBXFileReference; fileEncoding = 4; lastKnownFileType = sourcecode.swift; path = CheckoutViewController.swift; sourceTree = "<group>"; };
		DD22A999244E06F80089F201 /* CheckoutViewModel.swift */ = {isa = PBXFileReference; fileEncoding = 4; lastKnownFileType = sourcecode.swift; path = CheckoutViewModel.swift; sourceTree = "<group>"; };
		DD5DE3C4243D95DB005CA40C /* Endpoints.swift */ = {isa = PBXFileReference; lastKnownFileType = sourcecode.swift; path = Endpoints.swift; sourceTree = "<group>"; };
		DD5DE3C7243D9B52005CA40C /* PizzaDataModel.swift */ = {isa = PBXFileReference; lastKnownFileType = sourcecode.swift; path = PizzaDataModel.swift; sourceTree = "<group>"; };
		DD5DE3C9243D9BC1005CA40C /* OrderDataModel.swift */ = {isa = PBXFileReference; lastKnownFileType = sourcecode.swift; path = OrderDataModel.swift; sourceTree = "<group>"; };
		DD5DE3CB243DBA19005CA40C /* DrinkDataModel.swift */ = {isa = PBXFileReference; lastKnownFileType = sourcecode.swift; path = DrinkDataModel.swift; sourceTree = "<group>"; };
		DD5DE3CE243DC427005CA40C /* EncodableExtension.swift */ = {isa = PBXFileReference; lastKnownFileType = sourcecode.swift; path = EncodableExtension.swift; sourceTree = "<group>"; };
		DD5DE3D5243F1D67005CA40C /* OrderableDataModel.swift */ = {isa = PBXFileReference; lastKnownFileType = sourcecode.swift; path = OrderableDataModel.swift; sourceTree = "<group>"; };
		DD5DE3D7243F7DFF005CA40C /* AlertView.swift */ = {isa = PBXFileReference; lastKnownFileType = sourcecode.swift; path = AlertView.swift; sourceTree = "<group>"; };
		DD5DE3D9243F8F93005CA40C /* UIViewControllerExtension.swift */ = {isa = PBXFileReference; lastKnownFileType = sourcecode.swift; path = UIViewControllerExtension.swift; sourceTree = "<group>"; };
		DD87AA81243C4B6E00E7FE23 /* PizzaOrderer.app */ = {isa = PBXFileReference; explicitFileType = wrapper.application; includeInIndex = 0; path = PizzaOrderer.app; sourceTree = BUILT_PRODUCTS_DIR; };
		DD87AA84243C4B6E00E7FE23 /* AppDelegate.swift */ = {isa = PBXFileReference; lastKnownFileType = sourcecode.swift; path = AppDelegate.swift; sourceTree = "<group>"; };
		DD87AA89243C4B6E00E7FE23 /* PizzaOrderer.xcdatamodel */ = {isa = PBXFileReference; lastKnownFileType = wrapper.xcdatamodel; path = PizzaOrderer.xcdatamodel; sourceTree = "<group>"; };
		DD87AA8D243C4B7000E7FE23 /* Assets.xcassets */ = {isa = PBXFileReference; lastKnownFileType = folder.assetcatalog; path = Assets.xcassets; sourceTree = "<group>"; };
		DD87AA93243C4B7000E7FE23 /* Base */ = {isa = PBXFileReference; lastKnownFileType = file.storyboard; name = Base; path = Base.lproj/LaunchScreen.storyboard; sourceTree = "<group>"; };
		DD87AA95243C4B7000E7FE23 /* Info.plist */ = {isa = PBXFileReference; lastKnownFileType = text.plist.xml; path = Info.plist; sourceTree = "<group>"; };
		DD87AAAE243C4CB300E7FE23 /* Main.storyboard */ = {isa = PBXFileReference; lastKnownFileType = file.storyboard; path = Main.storyboard; sourceTree = "<group>"; };
		DD87AAB0243C4D2500E7FE23 /* Media.xcassets */ = {isa = PBXFileReference; lastKnownFileType = folder.assetcatalog; path = Media.xcassets; sourceTree = "<group>"; };
		DDA9E0BC243D84FD00CCF28B /* ManagedObjectExtension.swift */ = {isa = PBXFileReference; fileEncoding = 4; lastKnownFileType = sourcecode.swift; path = ManagedObjectExtension.swift; sourceTree = "<group>"; };
		DDA9E0BD243D84FD00CCF28B /* ContextExtension.swift */ = {isa = PBXFileReference; fileEncoding = 4; lastKnownFileType = sourcecode.swift; path = ContextExtension.swift; sourceTree = "<group>"; };
		DDA9E0BE243D84FD00CCF28B /* PersistentContainerExtensions.swift */ = {isa = PBXFileReference; fileEncoding = 4; lastKnownFileType = sourcecode.swift; path = PersistentContainerExtensions.swift; sourceTree = "<group>"; };
		DDA9E0C2243D858500CCF28B /* IngredientsDTO.swift */ = {isa = PBXFileReference; lastKnownFileType = sourcecode.swift; path = IngredientsDTO.swift; sourceTree = "<group>"; };
		DDA9E0C4243D86A000CCF28B /* DrinksDTO.swift */ = {isa = PBXFileReference; lastKnownFileType = sourcecode.swift; path = DrinksDTO.swift; sourceTree = "<group>"; };
		DDA9E0C6243D86C900CCF28B /* PizzasDTO.swift */ = {isa = PBXFileReference; lastKnownFileType = sourcecode.swift; path = PizzasDTO.swift; sourceTree = "<group>"; };
		DDA9E0C8243D879800CCF28B /* OrderObjectDTO.swift */ = {isa = PBXFileReference; lastKnownFileType = sourcecode.swift; path = OrderObjectDTO.swift; sourceTree = "<group>"; };
		DDA9E0CB243D8C8F00CCF28B /* ingredients.json */ = {isa = PBXFileReference; fileEncoding = 4; lastKnownFileType = text.json; path = ingredients.json; sourceTree = "<group>"; };
		DDA9E0CC243D8C8F00CCF28B /* pizzas.json */ = {isa = PBXFileReference; fileEncoding = 4; lastKnownFileType = text.json; path = pizzas.json; sourceTree = "<group>"; };
		DDA9E0CD243D8C8F00CCF28B /* drinks.json */ = {isa = PBXFileReference; fileEncoding = 4; lastKnownFileType = text.json; path = drinks.json; sourceTree = "<group>"; };
		DDA9E0D5243D8DD800CCF28B /* Order+CoreDataClass.swift */ = {isa = PBXFileReference; fileEncoding = 4; lastKnownFileType = sourcecode.swift; path = "Order+CoreDataClass.swift"; sourceTree = "<group>"; };
		DDA9E0D6243D8DD800CCF28B /* Order+CoreDataProperties.swift */ = {isa = PBXFileReference; fileEncoding = 4; lastKnownFileType = sourcecode.swift; path = "Order+CoreDataProperties.swift"; sourceTree = "<group>"; };
		E427BF38254FE55600151B64 /* Drink+CoreDataClass.swift */ = {isa = PBXFileReference; fileEncoding = 4; lastKnownFileType = sourcecode.swift; path = "Drink+CoreDataClass.swift"; sourceTree = "<group>"; };
		E427BF39254FE55600151B64 /* Drink+CoreDataProperties.swift */ = {isa = PBXFileReference; fileEncoding = 4; lastKnownFileType = sourcecode.swift; path = "Drink+CoreDataProperties.swift"; sourceTree = "<group>"; };
		E427BF3A254FE55600151B64 /* Pizza+CoreDataProperties.swift */ = {isa = PBXFileReference; fileEncoding = 4; lastKnownFileType = sourcecode.swift; path = "Pizza+CoreDataProperties.swift"; sourceTree = "<group>"; };
		E427BF3B254FE55600151B64 /* Pizza+CoreDataClass.swift */ = {isa = PBXFileReference; fileEncoding = 4; lastKnownFileType = sourcecode.swift; path = "Pizza+CoreDataClass.swift"; sourceTree = "<group>"; };
		EDC5E69B15EB25F62C4CDCE6 /* Pods-PizzaOrderer.release.xcconfig */ = {isa = PBXFileReference; includeInIndex = 1; lastKnownFileType = text.xcconfig; name = "Pods-PizzaOrderer.release.xcconfig"; path = "Target Support Files/Pods-PizzaOrderer/Pods-PizzaOrderer.release.xcconfig"; sourceTree = "<group>"; };
/* End PBXFileReference section */

/* Begin PBXFrameworksBuildPhase section */
		DD22A95D244DF1430089F201 /* Frameworks */ = {
			isa = PBXFrameworksBuildPhase;
			buildActionMask = 2147483647;
			files = (
				0BB3E4264A21AE19E3670C53 /* Pods_PizzaOrdererTests.framework in Frameworks */,
			);
			runOnlyForDeploymentPostprocessing = 0;
		};
		DD87AA7E243C4B6E00E7FE23 /* Frameworks */ = {
			isa = PBXFrameworksBuildPhase;
			buildActionMask = 2147483647;
			files = (
				5E6F98B86FBB5D0ED0B58652 /* Pods_PizzaOrderer.framework in Frameworks */,
			);
			runOnlyForDeploymentPostprocessing = 0;
		};
/* End PBXFrameworksBuildPhase section */

/* Begin PBXGroup section */
		4811C4B17EDD6520FC99EE18 /* Pods */ = {
			isa = PBXGroup;
			children = (
				6FD4389103C82469A87CB745 /* Pods-PizzaOrderer.debug.xcconfig */,
				EDC5E69B15EB25F62C4CDCE6 /* Pods-PizzaOrderer.release.xcconfig */,
				0BB5D2CFFCFA51BA5D340856 /* Pods-PizzaOrdererTests.debug.xcconfig */,
				685EE458335B46F10D4C2791 /* Pods-PizzaOrdererTests.release.xcconfig */,
			);
			path = Pods;
			sourceTree = "<group>";
		};
		A710AD215D62ED36CFA6582E /* Frameworks */ = {
			isa = PBXGroup;
			children = (
				9E5561741DF280438951E477 /* Pods_PizzaOrderer.framework */,
				99524EA01B42296053B03490 /* Pods_PizzaOrdererTests.framework */,
			);
			name = Frameworks;
			sourceTree = "<group>";
		};
		DD05FC4D243C636400AC6351 /* ItemCell */ = {
			isa = PBXGroup;
			children = (
				DD05FC4E243C638000AC6351 /* ItemTableViewCell.swift */,
				DD05FC4F243C638000AC6351 /* ItemTableViewCell.xib */,
			);
			path = ItemCell;
			sourceTree = "<group>";
		};
		DD22A940244DEF910089F201 /* Handler */ = {
			isa = PBXGroup;
			children = (
				DD22A941244DEF910089F201 /* DataFetcherRepository */,
				DD22A943244DEF910089F201 /* OrderRepository */,
			);
			path = Handler;
			sourceTree = "<group>";
		};
		DD22A941244DEF910089F201 /* DataFetcherRepository */ = {
			isa = PBXGroup;
			children = (
				DD22A942244DEF910089F201 /* DataFetcherRepository.swift */,
			);
			path = DataFetcherRepository;
			sourceTree = "<group>";
		};
		DD22A943244DEF910089F201 /* OrderRepository */ = {
			isa = PBXGroup;
			children = (
				DD22A944244DEF910089F201 /* OrderRepository.swift */,
			);
			path = OrderRepository;
			sourceTree = "<group>";
		};
		DD22A961244DF1430089F201 /* PizzaOrdererTests */ = {
			isa = PBXGroup;
			children = (
				DD22A96A244DF1580089F201 /* PizzaOrdererTests.swift */,
				DD22A96D244DF18A0089F201 /* Info.plist */,
			);
			path = PizzaOrdererTests;
			sourceTree = "<group>";
		};
		DD22A973244DF7440089F201 /* baseFiles */ = {
			isa = PBXGroup;
			children = (
				DD22A974244DF7440089F201 /* AppMainDelegate.swift */,
				DD22A975244DF7440089F201 /* AppMainViewModel.swift */,
				DD22A976244DF7440089F201 /* AppMainTableViewController.swift */,
				DD22A977244DF7440089F201 /* AppMainViewController.swift */,
				DD22A978244DF7440089F201 /* AppMainNavigationController.swift */,
			);
			path = baseFiles;
			sourceTree = "<group>";
		};
		DD22A983244DF7D40089F201 /* Home */ = {
			isa = PBXGroup;
			children = (
				DD22A984244DF7D40089F201 /* PizzaCell */,
				DD22A987244DF7D40089F201 /* HomeViewModel.swift */,
				DD22A988244DF7D40089F201 /* HomeTableViewController.swift */,
			);
			path = Home;
			sourceTree = "<group>";
		};
		DD22A984244DF7D40089F201 /* PizzaCell */ = {
			isa = PBXGroup;
			children = (
				DD22A985244DF7D40089F201 /* PizzaTableViewCell.swift */,
				DD22A986244DF7D40089F201 /* PizzaTableViewCell.xib */,
			);
			path = PizzaCell;
			sourceTree = "<group>";
		};
		DD22A991244E06F80089F201 /* Drinks */ = {
			isa = PBXGroup;
			children = (
				DD22A992244E06F80089F201 /* DrinksViewModel.swift */,
				DD22A993244E06F80089F201 /* DrinksTableViewController.swift */,
			);
			path = Drinks;
			sourceTree = "<group>";
		};
		DD22A994244E06F80089F201 /* CreatePizza */ = {
			isa = PBXGroup;
			children = (
				DD22A995244E06F80089F201 /* CreatePizzaViewModel.swift */,
				DD22A996244E06F80089F201 /* CreatePizzaViewController.swift */,
			);
			path = CreatePizza;
			sourceTree = "<group>";
		};
		DD22A997244E06F80089F201 /* Checkout */ = {
			isa = PBXGroup;
			children = (
				DD22A998244E06F80089F201 /* CheckoutViewController.swift */,
				DD22A999244E06F80089F201 /* CheckoutViewModel.swift */,
			);
			path = Checkout;
			sourceTree = "<group>";
		};
		DD5DE3C3243D95CB005CA40C /* Endpoints */ = {
			isa = PBXGroup;
			children = (
				DD5DE3C4243D95DB005CA40C /* Endpoints.swift */,
			);
			path = Endpoints;
			sourceTree = "<group>";
		};
		DD5DE3C6243D9AFB005CA40C /* DataModel */ = {
			isa = PBXGroup;
			children = (
				DD5DE3C9243D9BC1005CA40C /* OrderDataModel.swift */,
				DD5DE3C7243D9B52005CA40C /* PizzaDataModel.swift */,
				DD5DE3CB243DBA19005CA40C /* DrinkDataModel.swift */,
				DD5DE3D5243F1D67005CA40C /* OrderableDataModel.swift */,
			);
			path = DataModel;
			sourceTree = "<group>";
		};
		DD5DE3CD243DC415005CA40C /* Extensions */ = {
			isa = PBXGroup;
			children = (
				DD5DE3CE243DC427005CA40C /* EncodableExtension.swift */,
			);
			path = Extensions;
			sourceTree = "<group>";
		};
		DD87AA78243C4B6E00E7FE23 = {
			isa = PBXGroup;
			children = (
				DD87AA83243C4B6E00E7FE23 /* PizzaOrderer */,
				DD22A961244DF1430089F201 /* PizzaOrdererTests */,
				DD87AA82243C4B6E00E7FE23 /* Products */,
				4811C4B17EDD6520FC99EE18 /* Pods */,
				A710AD215D62ED36CFA6582E /* Frameworks */,
			);
			sourceTree = "<group>";
		};
		DD87AA82243C4B6E00E7FE23 /* Products */ = {
			isa = PBXGroup;
			children = (
				DD87AA81243C4B6E00E7FE23 /* PizzaOrderer.app */,
				DD22A960244DF1430089F201 /* PizzaOrdererTests.xctest */,
			);
			name = Products;
			sourceTree = "<group>";
		};
		DD87AA83243C4B6E00E7FE23 /* PizzaOrderer */ = {
			isa = PBXGroup;
			children = (
				DD87AAB5243C52DD00E7FE23 /* DataAccess */,
				DD87AAAC243C4C8900E7FE23 /* UI */,
				DD87AAA9243C4B8300E7FE23 /* SupportingFiles */,
			);
			path = PizzaOrderer;
			sourceTree = "<group>";
		};
		DD87AAA9243C4B8300E7FE23 /* SupportingFiles */ = {
			isa = PBXGroup;
			children = (
				DDA9E0CA243D881100CCF28B /* MockedData */,
				DD87AA8D243C4B7000E7FE23 /* Assets.xcassets */,
				DD87AAB0243C4D2500E7FE23 /* Media.xcassets */,
				DD87AA84243C4B6E00E7FE23 /* AppDelegate.swift */,
				DD87AA92243C4B7000E7FE23 /* LaunchScreen.storyboard */,
				DD87AA95243C4B7000E7FE23 /* Info.plist */,
			);
			path = SupportingFiles;
			sourceTree = "<group>";
		};
		DD87AAAC243C4C8900E7FE23 /* UI */ = {
			isa = PBXGroup;
			children = (
				DD87AAAE243C4CB300E7FE23 /* Main.storyboard */,
				DD22A983244DF7D40089F201 /* Home */,
				DD05FC4D243C636400AC6351 /* ItemCell */,
				DD22A997244E06F80089F201 /* Checkout */,
				DD22A994244E06F80089F201 /* CreatePizza */,
				DD22A991244E06F80089F201 /* Drinks */,
				DD22A973244DF7440089F201 /* baseFiles */,
				DD5DE3D7243F7DFF005CA40C /* AlertView.swift */,
				DD5DE3D9243F8F93005CA40C /* UIViewControllerExtension.swift */,
			);
			path = UI;
			sourceTree = "<group>";
		};
		DD87AAB5243C52DD00E7FE23 /* DataAccess */ = {
			isa = PBXGroup;
			children = (
				DD5DE3CD243DC415005CA40C /* Extensions */,
				DD5DE3C6243D9AFB005CA40C /* DataModel */,
				DD5DE3C3243D95CB005CA40C /* Endpoints */,
				DDA9E0BB243D84BC00CCF28B /* CoreDataHelper */,
				DDA9E0BA243D84B100CCF28B /* Database */,
				DDA9E0B9243D84A100CCF28B /* DTO */,
				DD22A940244DEF910089F201 /* Handler */,
			);
			path = DataAccess;
			sourceTree = "<group>";
		};
		DDA9E0B9243D84A100CCF28B /* DTO */ = {
			isa = PBXGroup;
			children = (
				DDA9E0C2243D858500CCF28B /* IngredientsDTO.swift */,
				DDA9E0C4243D86A000CCF28B /* DrinksDTO.swift */,
				DDA9E0C6243D86C900CCF28B /* PizzasDTO.swift */,
				DDA9E0C8243D879800CCF28B /* OrderObjectDTO.swift */,
			);
			path = DTO;
			sourceTree = "<group>";
		};
		DDA9E0BA243D84B100CCF28B /* Database */ = {
			isa = PBXGroup;
			children = (
				DD87AA88243C4B6E00E7FE23 /* PizzaOrderer.xcdatamodeld */,
				DDA9E0D5243D8DD800CCF28B /* Order+CoreDataClass.swift */,
				DDA9E0D6243D8DD800CCF28B /* Order+CoreDataProperties.swift */,
				E427BF38254FE55600151B64 /* Drink+CoreDataClass.swift */,
				E427BF39254FE55600151B64 /* Drink+CoreDataProperties.swift */,
				E427BF3B254FE55600151B64 /* Pizza+CoreDataClass.swift */,
				E427BF3A254FE55600151B64 /* Pizza+CoreDataProperties.swift */,
			);
			path = Database;
			sourceTree = "<group>";
		};
		DDA9E0BB243D84BC00CCF28B /* CoreDataHelper */ = {
			isa = PBXGroup;
			children = (
				DDA9E0BD243D84FD00CCF28B /* ContextExtension.swift */,
				DDA9E0BC243D84FD00CCF28B /* ManagedObjectExtension.swift */,
				DDA9E0BE243D84FD00CCF28B /* PersistentContainerExtensions.swift */,
			);
			path = CoreDataHelper;
			sourceTree = "<group>";
		};
		DDA9E0CA243D881100CCF28B /* MockedData */ = {
			isa = PBXGroup;
			children = (
				DDA9E0CD243D8C8F00CCF28B /* drinks.json */,
				DDA9E0CB243D8C8F00CCF28B /* ingredients.json */,
				DDA9E0CC243D8C8F00CCF28B /* pizzas.json */,
			);
			path = MockedData;
			sourceTree = "<group>";
		};
/* End PBXGroup section */

/* Begin PBXNativeTarget section */
		DD22A95F244DF1430089F201 /* PizzaOrdererTests */ = {
			isa = PBXNativeTarget;
			buildConfigurationList = DD22A967244DF1430089F201 /* Build configuration list for PBXNativeTarget "PizzaOrdererTests" */;
			buildPhases = (
				9ED0A938B65206D6182E51CA /* [CP] Check Pods Manifest.lock */,
				DD22A95C244DF1430089F201 /* Sources */,
				DD22A95D244DF1430089F201 /* Frameworks */,
				DD22A95E244DF1430089F201 /* Resources */,
			);
			buildRules = (
			);
			dependencies = (
				DD22A966244DF1430089F201 /* PBXTargetDependency */,
			);
			name = PizzaOrdererTests;
			productName = PizzaOrdererTests;
			productReference = DD22A960244DF1430089F201 /* PizzaOrdererTests.xctest */;
			productType = "com.apple.product-type.bundle.unit-test";
		};
		DD87AA80243C4B6E00E7FE23 /* PizzaOrderer */ = {
			isa = PBXNativeTarget;
			buildConfigurationList = DD87AAA3243C4B7000E7FE23 /* Build configuration list for PBXNativeTarget "PizzaOrderer" */;
			buildPhases = (
				109A682AD432E9C1D01F8856 /* [CP] Check Pods Manifest.lock */,
				DD87AA7D243C4B6E00E7FE23 /* Sources */,
				DD87AA7E243C4B6E00E7FE23 /* Frameworks */,
				DD87AA7F243C4B6E00E7FE23 /* Resources */,
				926FDDF9E63BA68141BEBE5A /* [CP] Embed Pods Frameworks */,
			);
			buildRules = (
			);
			dependencies = (
			);
			name = PizzaOrderer;
			productName = PizzaOrderer;
			productReference = DD87AA81243C4B6E00E7FE23 /* PizzaOrderer.app */;
			productType = "com.apple.product-type.application";
		};
/* End PBXNativeTarget section */

/* Begin PBXProject section */
		DD87AA79243C4B6E00E7FE23 /* Project object */ = {
			isa = PBXProject;
			attributes = {
				LastSwiftUpdateCheck = 1140;
				LastUpgradeCheck = 1130;
				ORGANIZATIONNAME = "Amin Amjadi";
				TargetAttributes = {
					DD22A95F244DF1430089F201 = {
						CreatedOnToolsVersion = 11.4.1;
						TestTargetID = DD87AA80243C4B6E00E7FE23;
					};
					DD87AA80243C4B6E00E7FE23 = {
						CreatedOnToolsVersion = 11.3.1;
					};
				};
			};
			buildConfigurationList = DD87AA7C243C4B6E00E7FE23 /* Build configuration list for PBXProject "PizzaOrderer" */;
			compatibilityVersion = "Xcode 9.3";
			developmentRegion = en;
			hasScannedForEncodings = 0;
			knownRegions = (
				en,
				Base,
			);
			mainGroup = DD87AA78243C4B6E00E7FE23;
			productRefGroup = DD87AA82243C4B6E00E7FE23 /* Products */;
			projectDirPath = "";
			projectRoot = "";
			targets = (
				DD87AA80243C4B6E00E7FE23 /* PizzaOrderer */,
				DD22A95F244DF1430089F201 /* PizzaOrdererTests */,
			);
		};
/* End PBXProject section */

/* Begin PBXResourcesBuildPhase section */
		DD22A95E244DF1430089F201 /* Resources */ = {
			isa = PBXResourcesBuildPhase;
			buildActionMask = 2147483647;
			files = (
				DD22A98C244DF7D50089F201 /* PizzaTableViewCell.xib in Resources */,
			);
			runOnlyForDeploymentPostprocessing = 0;
		};
		DD87AA7F243C4B6E00E7FE23 /* Resources */ = {
			isa = PBXResourcesBuildPhase;
			buildActionMask = 2147483647;
			files = (
				DDCD4764243D952500C02971 /* PizzaOrderer.xcdatamodeld in Resources */,
				DD87AAAF243C4CB300E7FE23 /* Main.storyboard in Resources */,
				DD22A98B244DF7D50089F201 /* PizzaTableViewCell.xib in Resources */,
				DD87AA94243C4B7000E7FE23 /* LaunchScreen.storyboard in Resources */,
				DDA9E0D0243D8C8F00CCF28B /* drinks.json in Resources */,
				DD87AAB1243C4D2500E7FE23 /* Media.xcassets in Resources */,
				DDA9E0CF243D8C8F00CCF28B /* pizzas.json in Resources */,
				DD05FC51243C638000AC6351 /* ItemTableViewCell.xib in Resources */,
				DDA9E0CE243D8C8F00CCF28B /* ingredients.json in Resources */,
				DD87AA8E243C4B7000E7FE23 /* Assets.xcassets in Resources */,
			);
			runOnlyForDeploymentPostprocessing = 0;
		};
/* End PBXResourcesBuildPhase section */

/* Begin PBXShellScriptBuildPhase section */
		109A682AD432E9C1D01F8856 /* [CP] Check Pods Manifest.lock */ = {
			isa = PBXShellScriptBuildPhase;
			buildActionMask = 2147483647;
			files = (
			);
			inputFileListPaths = (
			);
			inputPaths = (
				"${PODS_PODFILE_DIR_PATH}/Podfile.lock",
				"${PODS_ROOT}/Manifest.lock",
			);
			name = "[CP] Check Pods Manifest.lock";
			outputFileListPaths = (
			);
			outputPaths = (
				"$(DERIVED_FILE_DIR)/Pods-PizzaOrderer-checkManifestLockResult.txt",
			);
			runOnlyForDeploymentPostprocessing = 0;
			shellPath = /bin/sh;
			shellScript = "diff \"${PODS_PODFILE_DIR_PATH}/Podfile.lock\" \"${PODS_ROOT}/Manifest.lock\" > /dev/null\nif [ $? != 0 ] ; then\n    # print error to STDERR\n    echo \"error: The sandbox is not in sync with the Podfile.lock. Run 'pod install' or update your CocoaPods installation.\" >&2\n    exit 1\nfi\n# This output is used by Xcode 'outputs' to avoid re-running this script phase.\necho \"SUCCESS\" > \"${SCRIPT_OUTPUT_FILE_0}\"\n";
			showEnvVarsInLog = 0;
		};
		926FDDF9E63BA68141BEBE5A /* [CP] Embed Pods Frameworks */ = {
			isa = PBXShellScriptBuildPhase;
			buildActionMask = 2147483647;
			files = (
			);
			inputFileListPaths = (
				"${PODS_ROOT}/Target Support Files/Pods-PizzaOrderer/Pods-PizzaOrderer-frameworks-${CONFIGURATION}-input-files.xcfilelist",
			);
			name = "[CP] Embed Pods Frameworks";
			outputFileListPaths = (
				"${PODS_ROOT}/Target Support Files/Pods-PizzaOrderer/Pods-PizzaOrderer-frameworks-${CONFIGURATION}-output-files.xcfilelist",
			);
			runOnlyForDeploymentPostprocessing = 0;
			shellPath = /bin/sh;
			shellScript = "\"${PODS_ROOT}/Target Support Files/Pods-PizzaOrderer/Pods-PizzaOrderer-frameworks.sh\"\n";
			showEnvVarsInLog = 0;
		};
		9ED0A938B65206D6182E51CA /* [CP] Check Pods Manifest.lock */ = {
			isa = PBXShellScriptBuildPhase;
			buildActionMask = 2147483647;
			files = (
			);
			inputFileListPaths = (
			);
			inputPaths = (
				"${PODS_PODFILE_DIR_PATH}/Podfile.lock",
				"${PODS_ROOT}/Manifest.lock",
			);
			name = "[CP] Check Pods Manifest.lock";
			outputFileListPaths = (
			);
			outputPaths = (
				"$(DERIVED_FILE_DIR)/Pods-PizzaOrdererTests-checkManifestLockResult.txt",
			);
			runOnlyForDeploymentPostprocessing = 0;
			shellPath = /bin/sh;
			shellScript = "diff \"${PODS_PODFILE_DIR_PATH}/Podfile.lock\" \"${PODS_ROOT}/Manifest.lock\" > /dev/null\nif [ $? != 0 ] ; then\n    # print error to STDERR\n    echo \"error: The sandbox is not in sync with the Podfile.lock. Run 'pod install' or update your CocoaPods installation.\" >&2\n    exit 1\nfi\n# This output is used by Xcode 'outputs' to avoid re-running this script phase.\necho \"SUCCESS\" > \"${SCRIPT_OUTPUT_FILE_0}\"\n";
			showEnvVarsInLog = 0;
		};
/* End PBXShellScriptBuildPhase section */

/* Begin PBXSourcesBuildPhase section */
		DD22A95C244DF1430089F201 /* Sources */ = {
			isa = PBXSourcesBuildPhase;
			buildActionMask = 2147483647;
			files = (
				DD22A9A5244E06F80089F201 /* CheckoutViewModel.swift in Sources */,
				DD22A97E244DF7440089F201 /* AppMainTableViewController.swift in Sources */,
				DD22A9B2244E0EDD0089F201 /* Endpoints.swift in Sources */,
				DD22A9BB244E0F1D0089F201 /* PersistentContainerExtensions.swift in Sources */,
				DD22A9B0244E0EC50089F201 /* DrinkDataModel.swift in Sources */,
				DD22A96C244DF1580089F201 /* PizzaOrdererTests.swift in Sources */,
				DD22A9AE244E0EB50089F201 /* OrderObjectDTO.swift in Sources */,
				DD22A9BF244E0F4B0089F201 /* AlertView.swift in Sources */,
				DD22A97A244DF7440089F201 /* AppMainDelegate.swift in Sources */,
				DD22A9C0244E0F7B0089F201 /* PizzaOrderer.xcdatamodeld in Sources */,
				DD156B6A244E115D004FB6E3 /* Order+CoreDataClass.swift in Sources */,
				DD22A9BD244E0F2E0089F201 /* ItemTableViewCell.swift in Sources */,
				DD22A98E244DF7D50089F201 /* HomeViewModel.swift in Sources */,
				DD22A99D244E06F80089F201 /* DrinksTableViewController.swift in Sources */,
				DD22A9AC244E0EA90089F201 /* IngredientsDTO.swift in Sources */,
				DD22A980244DF7440089F201 /* AppMainViewController.swift in Sources */,
				DD22A9B3244E0EE20089F201 /* UIViewControllerExtension.swift in Sources */,
				DD22A9A3244E06F80089F201 /* CheckoutViewController.swift in Sources */,
				DD22A982244DF7440089F201 /* AppMainNavigationController.swift in Sources */,
				DD22A9B5244E0EF90089F201 /* Order+CoreDataProperties.swift in Sources */,
				DD22A990244DF7D50089F201 /* HomeTableViewController.swift in Sources */,
				DD22A9AA244E0E9D0089F201 /* PizzaDataModel.swift in Sources */,
				DD22A9AD244E0EB00089F201 /* PizzasDTO.swift in Sources */,
				DD22A97C244DF7440089F201 /* AppMainViewModel.swift in Sources */,
				DD22A9A8244E0C760089F201 /* DataFetcherRepository.swift in Sources */,
				DD22A9A1244E06F80089F201 /* CreatePizzaViewController.swift in Sources */,
				DD22A9BC244E0F210089F201 /* ContextExtension.swift in Sources */,
				DD22A9BA244E0F1A0089F201 /* ManagedObjectExtension.swift in Sources */,
				DD22A9A7244E0C6E0089F201 /* OrderRepository.swift in Sources */,
				DD22A9BE244E0F380089F201 /* EncodableExtension.swift in Sources */,
				DD22A98A244DF7D50089F201 /* PizzaTableViewCell.swift in Sources */,
				DD22A9AB244E0EA30089F201 /* DrinksDTO.swift in Sources */,
				DD22A99B244E06F80089F201 /* DrinksViewModel.swift in Sources */,
				DD22A9B1244E0EC80089F201 /* OrderableDataModel.swift in Sources */,
				DD22A99F244E06F80089F201 /* CreatePizzaViewModel.swift in Sources */,
				DD22A9AF244E0EBE0089F201 /* OrderDataModel.swift in Sources */,
			);
			runOnlyForDeploymentPostprocessing = 0;
		};
		DD87AA7D243C4B6E00E7FE23 /* Sources */ = {
			isa = PBXSourcesBuildPhase;
			buildActionMask = 2147483647;
			files = (
				DD22A946244DEF910089F201 /* OrderRepository.swift in Sources */,
				DD22A99C244E06F80089F201 /* DrinksTableViewController.swift in Sources */,
				DD87AA85243C4B6E00E7FE23 /* AppDelegate.swift in Sources */,
				E427BF3D254FE55600151B64 /* Drink+CoreDataProperties.swift in Sources */,
				DD5DE3CF243DC427005CA40C /* EncodableExtension.swift in Sources */,
				DD5DE3DA243F8F93005CA40C /* UIViewControllerExtension.swift in Sources */,
				DDA9E0C9243D879800CCF28B /* OrderObjectDTO.swift in Sources */,
				DDA9E0D8243D8DD800CCF28B /* Order+CoreDataProperties.swift in Sources */,
				DDA9E0C3243D858500CCF28B /* IngredientsDTO.swift in Sources */,
				DDA9E0D7243D8DD800CCF28B /* Order+CoreDataClass.swift in Sources */,
				DD5DE3D6243F1D67005CA40C /* OrderableDataModel.swift in Sources */,
				DD5DE3CC243DBA19005CA40C /* DrinkDataModel.swift in Sources */,
				DDA9E0BF243D84FD00CCF28B /* ManagedObjectExtension.swift in Sources */,
				DD22A989244DF7D50089F201 /* PizzaTableViewCell.swift in Sources */,
				DD22A9A2244E06F80089F201 /* CheckoutViewController.swift in Sources */,
				DD22A9A0244E06F80089F201 /* CreatePizzaViewController.swift in Sources */,
				E427BF3E254FE55600151B64 /* Pizza+CoreDataProperties.swift in Sources */,
				DD5DE3C5243D95DB005CA40C /* Endpoints.swift in Sources */,
				DD22A979244DF7440089F201 /* AppMainDelegate.swift in Sources */,
				DDA9E0C5243D86A000CCF28B /* DrinksDTO.swift in Sources */,
				DD5DE3C8243D9B52005CA40C /* PizzaDataModel.swift in Sources */,
				E427BF3F254FE55600151B64 /* Pizza+CoreDataClass.swift in Sources */,
				DD22A9A4244E06F80089F201 /* CheckoutViewModel.swift in Sources */,
				DDA9E0C0243D84FD00CCF28B /* ContextExtension.swift in Sources */,
				DDA9E0C1243D84FD00CCF28B /* PersistentContainerExtensions.swift in Sources */,
				DD22A97D244DF7440089F201 /* AppMainTableViewController.swift in Sources */,
				DD22A99A244E06F80089F201 /* DrinksViewModel.swift in Sources */,
				DD22A98F244DF7D50089F201 /* HomeTableViewController.swift in Sources */,
				DD05FC50243C638000AC6351 /* ItemTableViewCell.swift in Sources */,
				DD22A945244DEF910089F201 /* DataFetcherRepository.swift in Sources */,
				DD22A97B244DF7440089F201 /* AppMainViewModel.swift in Sources */,
				DD22A97F244DF7440089F201 /* AppMainViewController.swift in Sources */,
				DDA9E0C7243D86C900CCF28B /* PizzasDTO.swift in Sources */,
				DD22A9A9244E0CA50089F201 /* HomeViewModel.swift in Sources */,
				DD5DE3D8243F7E00005CA40C /* AlertView.swift in Sources */,
				E427BF3C254FE55600151B64 /* Drink+CoreDataClass.swift in Sources */,
				DD5DE3CA243D9BC1005CA40C /* OrderDataModel.swift in Sources */,
				DD22A981244DF7440089F201 /* AppMainNavigationController.swift in Sources */,
				DD22A99E244E06F80089F201 /* CreatePizzaViewModel.swift in Sources */,
			);
			runOnlyForDeploymentPostprocessing = 0;
		};
/* End PBXSourcesBuildPhase section */

/* Begin PBXTargetDependency section */
		DD22A966244DF1430089F201 /* PBXTargetDependency */ = {
			isa = PBXTargetDependency;
			target = DD87AA80243C4B6E00E7FE23 /* PizzaOrderer */;
			targetProxy = DD22A965244DF1430089F201 /* PBXContainerItemProxy */;
		};
/* End PBXTargetDependency section */

/* Begin PBXVariantGroup section */
		DD87AA92243C4B7000E7FE23 /* LaunchScreen.storyboard */ = {
			isa = PBXVariantGroup;
			children = (
				DD87AA93243C4B7000E7FE23 /* Base */,
			);
			name = LaunchScreen.storyboard;
			sourceTree = "<group>";
		};
/* End PBXVariantGroup section */

/* Begin XCBuildConfiguration section */
		DD22A968244DF1430089F201 /* Debug */ = {
			isa = XCBuildConfiguration;
			baseConfigurationReference = 0BB5D2CFFCFA51BA5D340856 /* Pods-PizzaOrdererTests.debug.xcconfig */;
			buildSettings = {
				BUNDLE_LOADER = "$(TEST_HOST)";
				CODE_SIGN_STYLE = Automatic;
				DEVELOPMENT_TEAM = 7R97N635RG;
				INFOPLIST_FILE = PizzaOrdererTests/Info.plist;
				IPHONEOS_DEPLOYMENT_TARGET = 13.4;
				LD_RUNPATH_SEARCH_PATHS = (
					"$(inherited)",
					"@executable_path/Frameworks",
					"@loader_path/Frameworks",
				);
				PRODUCT_BUNDLE_IDENTIFIER = com.gravisun.PizzaOrdererTests;
				PRODUCT_NAME = "$(TARGET_NAME)";
				SWIFT_VERSION = 5.0;
				TARGETED_DEVICE_FAMILY = "1,2";
				TEST_HOST = "$(BUILT_PRODUCTS_DIR)/PizzaOrderer.app/PizzaOrderer";
			};
			name = Debug;
		};
		DD22A969244DF1430089F201 /* Release */ = {
			isa = XCBuildConfiguration;
			baseConfigurationReference = 685EE458335B46F10D4C2791 /* Pods-PizzaOrdererTests.release.xcconfig */;
			buildSettings = {
				BUNDLE_LOADER = "$(TEST_HOST)";
				CODE_SIGN_STYLE = Automatic;
				DEVELOPMENT_TEAM = 7R97N635RG;
				INFOPLIST_FILE = PizzaOrdererTests/Info.plist;
				IPHONEOS_DEPLOYMENT_TARGET = 13.4;
				LD_RUNPATH_SEARCH_PATHS = (
					"$(inherited)",
					"@executable_path/Frameworks",
					"@loader_path/Frameworks",
				);
				PRODUCT_BUNDLE_IDENTIFIER = com.gravisun.PizzaOrdererTests;
				PRODUCT_NAME = "$(TARGET_NAME)";
				SWIFT_VERSION = 5.0;
				TARGETED_DEVICE_FAMILY = "1,2";
				TEST_HOST = "$(BUILT_PRODUCTS_DIR)/PizzaOrderer.app/PizzaOrderer";
			};
			name = Release;
		};
		DD87AAA1243C4B7000E7FE23 /* Debug */ = {
			isa = XCBuildConfiguration;
			buildSettings = {
				ALWAYS_SEARCH_USER_PATHS = NO;
				CLANG_ANALYZER_NONNULL = YES;
				CLANG_ANALYZER_NUMBER_OBJECT_CONVERSION = YES_AGGRESSIVE;
				CLANG_CXX_LANGUAGE_STANDARD = "gnu++14";
				CLANG_CXX_LIBRARY = "libc++";
				CLANG_ENABLE_MODULES = YES;
				CLANG_ENABLE_OBJC_ARC = YES;
				CLANG_ENABLE_OBJC_WEAK = YES;
				CLANG_WARN_BLOCK_CAPTURE_AUTORELEASING = YES;
				CLANG_WARN_BOOL_CONVERSION = YES;
				CLANG_WARN_COMMA = YES;
				CLANG_WARN_CONSTANT_CONVERSION = YES;
				CLANG_WARN_DEPRECATED_OBJC_IMPLEMENTATIONS = YES;
				CLANG_WARN_DIRECT_OBJC_ISA_USAGE = YES_ERROR;
				CLANG_WARN_DOCUMENTATION_COMMENTS = YES;
				CLANG_WARN_EMPTY_BODY = YES;
				CLANG_WARN_ENUM_CONVERSION = YES;
				CLANG_WARN_INFINITE_RECURSION = YES;
				CLANG_WARN_INT_CONVERSION = YES;
				CLANG_WARN_NON_LITERAL_NULL_CONVERSION = YES;
				CLANG_WARN_OBJC_IMPLICIT_RETAIN_SELF = YES;
				CLANG_WARN_OBJC_LITERAL_CONVERSION = YES;
				CLANG_WARN_OBJC_ROOT_CLASS = YES_ERROR;
				CLANG_WARN_RANGE_LOOP_ANALYSIS = YES;
				CLANG_WARN_STRICT_PROTOTYPES = YES;
				CLANG_WARN_SUSPICIOUS_MOVE = YES;
				CLANG_WARN_UNGUARDED_AVAILABILITY = YES_AGGRESSIVE;
				CLANG_WARN_UNREACHABLE_CODE = YES;
				CLANG_WARN__DUPLICATE_METHOD_MATCH = YES;
				COPY_PHASE_STRIP = NO;
				DEBUG_INFORMATION_FORMAT = dwarf;
				ENABLE_STRICT_OBJC_MSGSEND = YES;
				ENABLE_TESTABILITY = YES;
				GCC_C_LANGUAGE_STANDARD = gnu11;
				GCC_DYNAMIC_NO_PIC = NO;
				GCC_NO_COMMON_BLOCKS = YES;
				GCC_OPTIMIZATION_LEVEL = 0;
				GCC_PREPROCESSOR_DEFINITIONS = (
					"DEBUG=1",
					"$(inherited)",
				);
				GCC_WARN_64_TO_32_BIT_CONVERSION = YES;
				GCC_WARN_ABOUT_RETURN_TYPE = YES_ERROR;
				GCC_WARN_UNDECLARED_SELECTOR = YES;
				GCC_WARN_UNINITIALIZED_AUTOS = YES_AGGRESSIVE;
				GCC_WARN_UNUSED_FUNCTION = YES;
				GCC_WARN_UNUSED_VARIABLE = YES;
				IPHONEOS_DEPLOYMENT_TARGET = 13.2;
				MTL_ENABLE_DEBUG_INFO = INCLUDE_SOURCE;
				MTL_FAST_MATH = YES;
				ONLY_ACTIVE_ARCH = YES;
				SDKROOT = iphoneos;
				SWIFT_ACTIVE_COMPILATION_CONDITIONS = DEBUG;
				SWIFT_OPTIMIZATION_LEVEL = "-Onone";
			};
			name = Debug;
		};
		DD87AAA2243C4B7000E7FE23 /* Release */ = {
			isa = XCBuildConfiguration;
			buildSettings = {
				ALWAYS_SEARCH_USER_PATHS = NO;
				CLANG_ANALYZER_NONNULL = YES;
				CLANG_ANALYZER_NUMBER_OBJECT_CONVERSION = YES_AGGRESSIVE;
				CLANG_CXX_LANGUAGE_STANDARD = "gnu++14";
				CLANG_CXX_LIBRARY = "libc++";
				CLANG_ENABLE_MODULES = YES;
				CLANG_ENABLE_OBJC_ARC = YES;
				CLANG_ENABLE_OBJC_WEAK = YES;
				CLANG_WARN_BLOCK_CAPTURE_AUTORELEASING = YES;
				CLANG_WARN_BOOL_CONVERSION = YES;
				CLANG_WARN_COMMA = YES;
				CLANG_WARN_CONSTANT_CONVERSION = YES;
				CLANG_WARN_DEPRECATED_OBJC_IMPLEMENTATIONS = YES;
				CLANG_WARN_DIRECT_OBJC_ISA_USAGE = YES_ERROR;
				CLANG_WARN_DOCUMENTATION_COMMENTS = YES;
				CLANG_WARN_EMPTY_BODY = YES;
				CLANG_WARN_ENUM_CONVERSION = YES;
				CLANG_WARN_INFINITE_RECURSION = YES;
				CLANG_WARN_INT_CONVERSION = YES;
				CLANG_WARN_NON_LITERAL_NULL_CONVERSION = YES;
				CLANG_WARN_OBJC_IMPLICIT_RETAIN_SELF = YES;
				CLANG_WARN_OBJC_LITERAL_CONVERSION = YES;
				CLANG_WARN_OBJC_ROOT_CLASS = YES_ERROR;
				CLANG_WARN_RANGE_LOOP_ANALYSIS = YES;
				CLANG_WARN_STRICT_PROTOTYPES = YES;
				CLANG_WARN_SUSPICIOUS_MOVE = YES;
				CLANG_WARN_UNGUARDED_AVAILABILITY = YES_AGGRESSIVE;
				CLANG_WARN_UNREACHABLE_CODE = YES;
				CLANG_WARN__DUPLICATE_METHOD_MATCH = YES;
				COPY_PHASE_STRIP = NO;
				DEBUG_INFORMATION_FORMAT = "dwarf-with-dsym";
				ENABLE_NS_ASSERTIONS = NO;
				ENABLE_STRICT_OBJC_MSGSEND = YES;
				GCC_C_LANGUAGE_STANDARD = gnu11;
				GCC_NO_COMMON_BLOCKS = YES;
				GCC_WARN_64_TO_32_BIT_CONVERSION = YES;
				GCC_WARN_ABOUT_RETURN_TYPE = YES_ERROR;
				GCC_WARN_UNDECLARED_SELECTOR = YES;
				GCC_WARN_UNINITIALIZED_AUTOS = YES_AGGRESSIVE;
				GCC_WARN_UNUSED_FUNCTION = YES;
				GCC_WARN_UNUSED_VARIABLE = YES;
				IPHONEOS_DEPLOYMENT_TARGET = 13.2;
				MTL_ENABLE_DEBUG_INFO = NO;
				MTL_FAST_MATH = YES;
				SDKROOT = iphoneos;
				SWIFT_COMPILATION_MODE = wholemodule;
				SWIFT_OPTIMIZATION_LEVEL = "-O";
				VALIDATE_PRODUCT = YES;
			};
			name = Release;
		};
		DD87AAA4243C4B7000E7FE23 /* Debug */ = {
			isa = XCBuildConfiguration;
			baseConfigurationReference = 6FD4389103C82469A87CB745 /* Pods-PizzaOrderer.debug.xcconfig */;
			buildSettings = {
				ASSETCATALOG_COMPILER_APPICON_NAME = AppIcon;
				CODE_SIGN_STYLE = Automatic;
				DEVELOPMENT_TEAM = 7R97N635RG;
				ENABLE_PREVIEWS = YES;
				INFOPLIST_FILE = PizzaOrderer/SupportingFiles/Info.plist;
				IPHONEOS_DEPLOYMENT_TARGET = 13.0;
				LD_RUNPATH_SEARCH_PATHS = (
					"$(inherited)",
					"@executable_path/Frameworks",
				);
				PRODUCT_BUNDLE_IDENTIFIER = com.gravisun.PizzaOrderer;
				PRODUCT_NAME = "$(TARGET_NAME)";
				SWIFT_VERSION = 5.0;
				TARGETED_DEVICE_FAMILY = 1;
			};
			name = Debug;
		};
		DD87AAA5243C4B7000E7FE23 /* Release */ = {
			isa = XCBuildConfiguration;
			baseConfigurationReference = EDC5E69B15EB25F62C4CDCE6 /* Pods-PizzaOrderer.release.xcconfig */;
			buildSettings = {
				ASSETCATALOG_COMPILER_APPICON_NAME = AppIcon;
				CODE_SIGN_STYLE = Automatic;
				DEVELOPMENT_TEAM = 7R97N635RG;
				ENABLE_PREVIEWS = YES;
				INFOPLIST_FILE = PizzaOrderer/SupportingFiles/Info.plist;
				IPHONEOS_DEPLOYMENT_TARGET = 13.0;
				LD_RUNPATH_SEARCH_PATHS = (
					"$(inherited)",
					"@executable_path/Frameworks",
				);
				PRODUCT_BUNDLE_IDENTIFIER = com.gravisun.PizzaOrderer;
				PRODUCT_NAME = "$(TARGET_NAME)";
				SWIFT_VERSION = 5.0;
				TARGETED_DEVICE_FAMILY = 1;
			};
			name = Release;
		};
/* End XCBuildConfiguration section */

/* Begin XCConfigurationList section */
		DD22A967244DF1430089F201 /* Build configuration list for PBXNativeTarget "PizzaOrdererTests" */ = {
			isa = XCConfigurationList;
			buildConfigurations = (
				DD22A968244DF1430089F201 /* Debug */,
				DD22A969244DF1430089F201 /* Release */,
			);
			defaultConfigurationIsVisible = 0;
			defaultConfigurationName = Release;
		};
		DD87AA7C243C4B6E00E7FE23 /* Build configuration list for PBXProject "PizzaOrderer" */ = {
			isa = XCConfigurationList;
			buildConfigurations = (
				DD87AAA1243C4B7000E7FE23 /* Debug */,
				DD87AAA2243C4B7000E7FE23 /* Release */,
			);
			defaultConfigurationIsVisible = 0;
			defaultConfigurationName = Release;
		};
		DD87AAA3243C4B7000E7FE23 /* Build configuration list for PBXNativeTarget "PizzaOrderer" */ = {
			isa = XCConfigurationList;
			buildConfigurations = (
				DD87AAA4243C4B7000E7FE23 /* Debug */,
				DD87AAA5243C4B7000E7FE23 /* Release */,
			);
			defaultConfigurationIsVisible = 0;
			defaultConfigurationName = Release;
		};
/* End XCConfigurationList section */

/* Begin XCVersionGroup section */
		DD87AA88243C4B6E00E7FE23 /* PizzaOrderer.xcdatamodeld */ = {
			isa = XCVersionGroup;
			children = (
				DD87AA89243C4B6E00E7FE23 /* PizzaOrderer.xcdatamodel */,
			);
			currentVersion = DD87AA89243C4B6E00E7FE23 /* PizzaOrderer.xcdatamodel */;
			path = PizzaOrderer.xcdatamodeld;
			sourceTree = "<group>";
			versionGroupType = wrapper.xcdatamodel;
		};
/* End XCVersionGroup section */
	};
	rootObject = DD87AA79243C4B6E00E7FE23 /* Project object */;
}
